
Microsoft Visual Studio Solution File, Format Version 12.00
# Visual Studio Version 16
VisualStudioVersion = 16.0.31702.278
MinimumVisualStudioVersion = 10.0.40219.1
Project("{FAE04EC0-301F-11D3-BF4B-00C04F79EFBC}") = "DapperTest", "DapperTest\DapperTest.csproj", "{7A549D82-5C3C-471B-95AA-CFA5A61F978A}"
EndProject
Project("{FAE04EC0-301F-11D3-BF4B-00C04F79EFBC}") = "DapperLibrary", "DapperLibrary\DapperLibrary.csproj", "{3AF82532-BE87-4B7D-A844-7537E278AA3D}"
EndProject
Global
	GlobalSection(SolutionConfigurationPlatforms) = preSolution
		Debug|Any CPU = Debug|Any CPU
		Release|Any CPU = Release|Any CPU
	EndGlobalSection
	GlobalSection(ProjectConfigurationPlatforms) = postSolution
		{7A549D82-5C3C-471B-95AA-CFA5A61F978A}.Debug|Any CPU.ActiveCfg = Debug|Any CPU
		{7A549D82-5C3C-471B-95AA-CFA5A61F978A}.Debug|Any CPU.Build.0 = Debug|Any CPU
		{7A549D82-5C3C-471B-95AA-CFA5A61F978A}.Release|Any CPU.ActiveCfg = Release|Any CPU
		{7A549D82-5C3C-471B-95AA-CFA5A61F978A}.Release|Any CPU.Build.0 = Release|Any CPU
		{3AF82532-BE87-4B7D-A844-7537E278AA3D}.Debug|Any CPU.ActiveCfg = Debug|Any CPU
		{3AF82532-BE87-4B7D-A844-7537E278AA3D}.Debug|Any CPU.Build.0 = Debug|Any CPU
		{3AF82532-BE87-4B7D-A844-7537E278AA3D}.Release|Any CPU.ActiveCfg = Release|Any CPU
		{3AF82532-BE87-4B7D-A844-7537E278AA3D}.Release|Any CPU.Build.0 = Release|Any CPU
	EndGlobalSection
	GlobalSection(SolutionProperties) = preSolution
		HideSolutionNode = FALSE
	EndGlobalSection
	GlobalSection(ExtensibilityGlobals) = postSolution
		SolutionGuid = {5CAF045D-C294-4F9D-A451-7E999E8AA77E}
	EndGlobalSection
EndGlobal
